# Official reference used by algorithm conformance tests. Review both pins together.
PIKAFISH_REPOSITORY=https://github.com/official-pikafish/Pikafish.git
PIKAFISH_COMMIT=b562d6aeac5401879e973dc53ddb56053f07bb6a
PIKAFISH_NNUE_SHA256=7d13d73569a9b571ba0eb20cf1596247bc2a42738967e61afef6482b231e900e
PIKAFISH_NNUE_FILE=models/pikafish.nnue
